// !$*UTF8*$!
{
	archiveVersion = 1;
	classes = {
	};
	objectVersion = 46;
	objects = {

/* Begin PBXBuildFile section */
		2D9639526AD2AEF0CFA68B25 /* Pods_3_20_client.framework in Frameworks */ = {isa = PBXBuildFile; fileRef = D8DA19F1E6738AC55E5D7398 /* Pods_3_20_client.framework */; };
		AD7A0053D67641103A917F93 /* Pods_3_20_clientTests.framework in Frameworks */ = {isa = PBXBuildFile; fileRef = 9FACBF20E0DE3D9F531D4515 /* Pods_3_20_clientTests.framework */; };
		D4351193037451C441E2378F /* Pods_3_20_clientUITests.framework in Frameworks */ = {isa = PBXBuildFile; fileRef = A7CF357C8CDB1D6D6ADBE73E /* Pods_3_20_clientUITests.framework */; };
		D82875FB1EB7F96200DF0306 /* IconTableViewCell.swift in Sources */ = {isa = PBXBuildFile; fileRef = D82875FA1EB7F96200DF0306 /* IconTableViewCell.swift */; };
		D84E31761EB8E079001F56F0 /* RawengulkLight.otf in Resources */ = {isa = PBXBuildFile; fileRef = D84E31751EB8E079001F56F0 /* RawengulkLight.otf */; };
		D84E31781EB8E084001F56F0 /* RawengulkRegular.otf in Resources */ = {isa = PBXBuildFile; fileRef = D84E31771EB8E084001F56F0 /* RawengulkRegular.otf */; };
		D84E317A1EB8E165001F56F0 /* RawengulkBold.otf in Resources */ = {isa = PBXBuildFile; fileRef = D84E31791EB8E165001F56F0 /* RawengulkBold.otf */; };
		D86B57CC1E801A8E00783997 /* AppDelegate.swift in Sources */ = {isa = PBXBuildFile; fileRef = D86B57CB1E801A8E00783997 /* AppDelegate.swift */; };
		D86B57D31E801A8E00783997 /* Assets.xcassets in Resources */ = {isa = PBXBuildFile; fileRef = D86B57D21E801A8E00783997 /* Assets.xcassets */; };
		D86B57D61E801A8E00783997 /* LaunchScreen.storyboard in Resources */ = {isa = PBXBuildFile; fileRef = D86B57D41E801A8E00783997 /* LaunchScreen.storyboard */; };
		D86B57E11E801A8E00783997 /* __20_clientTests.swift in Sources */ = {isa = PBXBuildFile; fileRef = D86B57E01E801A8E00783997 /* __20_clientTests.swift */; };
		D86B57EC1E801A8E00783997 /* __20_clientUITests.swift in Sources */ = {isa = PBXBuildFile; fileRef = D86B57EB1E801A8E00783997 /* __20_clientUITests.swift */; };
		D891277C1EB3BC15004F80D5 /* SensorTableViewCell.swift in Sources */ = {isa = PBXBuildFile; fileRef = D891277B1EB3BC15004F80D5 /* SensorTableViewCell.swift */; };
		D89CFF301EA6EC920006DBED /* LocalAuthentication.framework in Frameworks */ = {isa = PBXBuildFile; fileRef = D89CFF2F1EA6EC920006DBED /* LocalAuthentication.framework */; };
		D8B0A63F1E953677004E774D /* SensorTableViewController.swift in Sources */ = {isa = PBXBuildFile; fileRef = D8B0A63E1E953677004E774D /* SensorTableViewController.swift */; };
		D8B0A6421E9538F9004E774D /* NewSensorViewController.swift in Sources */ = {isa = PBXBuildFile; fileRef = D8B0A6401E9538F9004E774D /* NewSensorViewController.swift */; };
		D8B0A6431E9538F9004E774D /* ViewController.swift in Sources */ = {isa = PBXBuildFile; fileRef = D8B0A6411E9538F9004E774D /* ViewController.swift */; };
		D8B0A6461E95394D004E774D /* Main.storyboard in Resources */ = {isa = PBXBuildFile; fileRef = D8B0A6441E95394D004E774D /* Main.storyboard */; };
		D8E75E461EB7BC2200636E03 /* Jepanten.ttf in Resources */ = {isa = PBXBuildFile; fileRef = D8E75E451EB7BC2200636E03 /* Jepanten.ttf */; };
		D8E75E481EB7BC3500636E03 /* Susanna.otf in Resources */ = {isa = PBXBuildFile; fileRef = D8E75E471EB7BC3500636E03 /* Susanna.otf */; };
		D8F2F88A1EB03E6B006044DE /* Sensor.swift in Sources */ = {isa = PBXBuildFile; fileRef = D8F2F8891EB03E6B006044DE /* Sensor.swift */; };
/* End PBXBuildFile section */

/* Begin PBXContainerItemProxy section */
		D86B57DD1E801A8E00783997 /* PBXContainerItemProxy */ = {
			isa = PBXContainerItemProxy;
			containerPortal = D86B57C01E801A8E00783997 /* Project object */;
			proxyType = 1;
			remoteGlobalIDString = D86B57C71E801A8E00783997;
			remoteInfo = "3-20-client";
		};
		D86B57E81E801A8E00783997 /* PBXContainerItemProxy */ = {
			isa = PBXContainerItemProxy;
			containerPortal = D86B57C01E801A8E00783997 /* Project object */;
			proxyType = 1;
			remoteGlobalIDString = D86B57C71E801A8E00783997;
			remoteInfo = "3-20-client";
		};
/* End PBXContainerItemProxy section */

/* Begin PBXFileReference section */
		226BF4DB877B2AD57519F01A /* Pods-3-20-clientUITests.debug.xcconfig */ = {isa = PBXFileReference; includeInIndex = 1; lastKnownFileType = text.xcconfig; name = "Pods-3-20-clientUITests.debug.xcconfig"; path = "Pods/Target Support Files/Pods-3-20-clientUITests/Pods-3-20-clientUITests.debug.xcconfig"; sourceTree = "<group>"; };
		372937D7D4E20DCB4E54960E /* Pods-3-20-client.debug.xcconfig */ = {isa = PBXFileReference; includeInIndex = 1; lastKnownFileType = text.xcconfig; name = "Pods-3-20-client.debug.xcconfig"; path = "Pods/Target Support Files/Pods-3-20-client/Pods-3-20-client.debug.xcconfig"; sourceTree = "<group>"; };
		44053E085D38452E95B08B5C /* Pods-3-20-client.release.xcconfig */ = {isa = PBXFileReference; includeInIndex = 1; lastKnownFileType = text.xcconfig; name = "Pods-3-20-client.release.xcconfig"; path = "Pods/Target Support Files/Pods-3-20-client/Pods-3-20-client.release.xcconfig"; sourceTree = "<group>"; };
		8B5C5E159181EF47D1C69911 /* Pods-3-20-clientUITests.release.xcconfig */ = {isa = PBXFileReference; includeInIndex = 1; lastKnownFileType = text.xcconfig; name = "Pods-3-20-clientUITests.release.xcconfig"; path = "Pods/Target Support Files/Pods-3-20-clientUITests/Pods-3-20-clientUITests.release.xcconfig"; sourceTree = "<group>"; };
		9FACBF20E0DE3D9F531D4515 /* Pods_3_20_clientTests.framework */ = {isa = PBXFileReference; explicitFileType = wrapper.framework; includeInIndex = 0; path = Pods_3_20_clientTests.framework; sourceTree = BUILT_PRODUCTS_DIR; };
		A43DBEA7FDBE205FE3B1274F /* Pods-3-20-clientTests.release.xcconfig */ = {isa = PBXFileReference; includeInIndex = 1; lastKnownFileType = text.xcconfig; name = "Pods-3-20-clientTests.release.xcconfig"; path = "Pods/Target Support Files/Pods-3-20-clientTests/Pods-3-20-clientTests.release.xcconfig"; sourceTree = "<group>"; };
		A7CF357C8CDB1D6D6ADBE73E /* Pods_3_20_clientUITests.framework */ = {isa = PBXFileReference; explicitFileType = wrapper.framework; includeInIndex = 0; path = Pods_3_20_clientUITests.framework; sourceTree = BUILT_PRODUCTS_DIR; };
		D1B5BA63F5C57645D4FF9B9D /* Pods-3-20-clientTests.debug.xcconfig */ = {isa = PBXFileReference; includeInIndex = 1; lastKnownFileType = text.xcconfig; name = "Pods-3-20-clientTests.debug.xcconfig"; path = "Pods/Target Support Files/Pods-3-20-clientTests/Pods-3-20-clientTests.debug.xcconfig"; sourceTree = "<group>"; };
		D82875FA1EB7F96200DF0306 /* IconTableViewCell.swift */ = {isa = PBXFileReference; fileEncoding = 4; lastKnownFileType = sourcecode.swift; path = IconTableViewCell.swift; sourceTree = "<group>"; };
		D84E31751EB8E079001F56F0 /* RawengulkLight.otf */ = {isa = PBXFileReference; lastKnownFileType = file; path = RawengulkLight.otf; sourceTree = "<group>"; };
		D84E31771EB8E084001F56F0 /* RawengulkRegular.otf */ = {isa = PBXFileReference; lastKnownFileType = file; path = RawengulkRegular.otf; sourceTree = "<group>"; };
		D84E31791EB8E165001F56F0 /* RawengulkBold.otf */ = {isa = PBXFileReference; lastKnownFileType = file; path = RawengulkBold.otf; sourceTree = "<group>"; };
		D86B57C81E801A8E00783997 /* 3-20-client.app */ = {isa = PBXFileReference; explicitFileType = wrapper.application; includeInIndex = 0; path = "3-20-client.app"; sourceTree = BUILT_PRODUCTS_DIR; };
		D86B57CB1E801A8E00783997 /* AppDelegate.swift */ = {isa = PBXFileReference; lastKnownFileType = sourcecode.swift; path = AppDelegate.swift; sourceTree = "<group>"; };
		D86B57D21E801A8E00783997 /* Assets.xcassets */ = {isa = PBXFileReference; lastKnownFileType = folder.assetcatalog; path = Assets.xcassets; sourceTree = "<group>"; };
		D86B57D51E801A8E00783997 /* Base */ = {isa = PBXFileReference; lastKnownFileType = file.storyboard; name = Base; path = Base.lproj/LaunchScreen.storyboard; sourceTree = "<group>"; };
		D86B57D71E801A8E00783997 /* Info.plist */ = {isa = PBXFileReference; lastKnownFileType = text.plist.xml; path = Info.plist; sourceTree = "<group>"; };
		D86B57DC1E801A8E00783997 /* 3-20-clientTests.xctest */ = {isa = PBXFileReference; explicitFileType = wrapper.cfbundle; includeInIndex = 0; path = "3-20-clientTests.xctest"; sourceTree = BUILT_PRODUCTS_DIR; };
		D86B57E01E801A8E00783997 /* __20_clientTests.swift */ = {isa = PBXFileReference; lastKnownFileType = sourcecode.swift; path = __20_clientTests.swift; sourceTree = "<group>"; };
		D86B57E21E801A8E00783997 /* Info.plist */ = {isa = PBXFileReference; lastKnownFileType = text.plist.xml; path = Info.plist; sourceTree = "<group>"; };
		D86B57E71E801A8E00783997 /* 3-20-clientUITests.xctest */ = {isa = PBXFileReference; explicitFileType = wrapper.cfbundle; includeInIndex = 0; path = "3-20-clientUITests.xctest"; sourceTree = BUILT_PRODUCTS_DIR; };
		D86B57EB1E801A8E00783997 /* __20_clientUITests.swift */ = {isa = PBXFileReference; lastKnownFileType = sourcecode.swift; path = __20_clientUITests.swift; sourceTree = "<group>"; };
		D86B57ED1E801A8E00783997 /* Info.plist */ = {isa = PBXFileReference; lastKnownFileType = text.plist.xml; path = Info.plist; sourceTree = "<group>"; };
		D891277B1EB3BC15004F80D5 /* SensorTableViewCell.swift */ = {isa = PBXFileReference; fileEncoding = 4; lastKnownFileType = sourcecode.swift; path = SensorTableViewCell.swift; sourceTree = "<group>"; };
		D89CFF2F1EA6EC920006DBED /* LocalAuthentication.framework */ = {isa = PBXFileReference; lastKnownFileType = wrapper.framework; name = LocalAuthentication.framework; path = System/Library/Frameworks/LocalAuthentication.framework; sourceTree = SDKROOT; };
		D8B0A63E1E953677004E774D /* SensorTableViewController.swift */ = {isa = PBXFileReference; fileEncoding = 4; lastKnownFileType = sourcecode.swift; path = SensorTableViewController.swift; sourceTree = "<group>"; };
		D8B0A6401E9538F9004E774D /* NewSensorViewController.swift */ = {isa = PBXFileReference; fileEncoding = 4; lastKnownFileType = sourcecode.swift; path = NewSensorViewController.swift; sourceTree = "<group>"; };
		D8B0A6411E9538F9004E774D /* ViewController.swift */ = {isa = PBXFileReference; fileEncoding = 4; lastKnownFileType = sourcecode.swift; path = ViewController.swift; sourceTree = "<group>"; };
		D8B0A6451E95394D004E774D /* Base */ = {isa = PBXFileReference; lastKnownFileType = file.storyboard; name = Base; path = Base.lproj/Main.storyboard; sourceTree = "<group>"; };
		D8DA19F1E6738AC55E5D7398 /* Pods_3_20_client.framework */ = {isa = PBXFileReference; explicitFileType = wrapper.framework; includeInIndex = 0; path = Pods_3_20_client.framework; sourceTree = BUILT_PRODUCTS_DIR; };
		D8E75E451EB7BC2200636E03 /* Jepanten.ttf */ = {isa = PBXFileReference; lastKnownFileType = file; path = Jepanten.ttf; sourceTree = "<group>"; };
		D8E75E471EB7BC3500636E03 /* Susanna.otf */ = {isa = PBXFileReference; lastKnownFileType = file; path = Susanna.otf; sourceTree = "<group>"; };
		D8F2F8891EB03E6B006044DE /* Sensor.swift */ = {isa = PBXFileReference; fileEncoding = 4; lastKnownFileType = sourcecode.swift; path = Sensor.swift; sourceTree = "<group>"; };
/* End PBXFileReference section */

/* Begin PBXFrameworksBuildPhase section */
		D86B57C51E801A8E00783997 /* Frameworks */ = {
			isa = PBXFrameworksBuildPhase;
			buildActionMask = 2147483647;
			files = (
				D89CFF301EA6EC920006DBED /* LocalAuthentication.framework in Frameworks */,
				2D9639526AD2AEF0CFA68B25 /* Pods_3_20_client.framework in Frameworks */,
			);
			runOnlyForDeploymentPostprocessing = 0;
		};
		D86B57D91E801A8E00783997 /* Frameworks */ = {
			isa = PBXFrameworksBuildPhase;
			buildActionMask = 2147483647;
			files = (
				AD7A0053D67641103A917F93 /* Pods_3_20_clientTests.framework in Frameworks */,
			);
			runOnlyForDeploymentPostprocessing = 0;
		};
		D86B57E41E801A8E00783997 /* Frameworks */ = {
			isa = PBXFrameworksBuildPhase;
			buildActionMask = 2147483647;
			files = (
				D4351193037451C441E2378F /* Pods_3_20_clientUITests.framework in Frameworks */,
			);
			runOnlyForDeploymentPostprocessing = 0;
		};
/* End PBXFrameworksBuildPhase section */

/* Begin PBXGroup section */
		9591C21F0994049059541B84 /* Frameworks */ = {
			isa = PBXGroup;
			children = (
				D89CFF2F1EA6EC920006DBED /* LocalAuthentication.framework */,
				D8DA19F1E6738AC55E5D7398 /* Pods_3_20_client.framework */,
				9FACBF20E0DE3D9F531D4515 /* Pods_3_20_clientTests.framework */,
				A7CF357C8CDB1D6D6ADBE73E /* Pods_3_20_clientUITests.framework */,
			);
			name = Frameworks;
			sourceTree = "<group>";
		};
		A626685BC337009F7CD861EC /* Pods */ = {
			isa = PBXGroup;
			children = (
				372937D7D4E20DCB4E54960E /* Pods-3-20-client.debug.xcconfig */,
				44053E085D38452E95B08B5C /* Pods-3-20-client.release.xcconfig */,
				D1B5BA63F5C57645D4FF9B9D /* Pods-3-20-clientTests.debug.xcconfig */,
				A43DBEA7FDBE205FE3B1274F /* Pods-3-20-clientTests.release.xcconfig */,
				226BF4DB877B2AD57519F01A /* Pods-3-20-clientUITests.debug.xcconfig */,
				8B5C5E159181EF47D1C69911 /* Pods-3-20-clientUITests.release.xcconfig */,
			);
			name = Pods;
			sourceTree = "<group>";
		};
		D86B57BF1E801A8E00783997 = {
			isa = PBXGroup;
			children = (
				D86B57CA1E801A8E00783997 /* 3-20-client */,
				D86B57DF1E801A8E00783997 /* 3-20-clientTests */,
				D86B57EA1E801A8E00783997 /* 3-20-clientUITests */,
				D86B57C91E801A8E00783997 /* Products */,
				A626685BC337009F7CD861EC /* Pods */,
				9591C21F0994049059541B84 /* Frameworks */,
			);
			sourceTree = "<group>";
		};
		D86B57C91E801A8E00783997 /* Products */ = {
			isa = PBXGroup;
			children = (
				D86B57C81E801A8E00783997 /* 3-20-client.app */,
				D86B57DC1E801A8E00783997 /* 3-20-clientTests.xctest */,
				D86B57E71E801A8E00783997 /* 3-20-clientUITests.xctest */,
			);
			name = Products;
			sourceTree = "<group>";
		};
		D86B57CA1E801A8E00783997 /* 3-20-client */ = {
			isa = PBXGroup;
			children = (
				D8B0A6441E95394D004E774D /* Main.storyboard */,
				D891277B1EB3BC15004F80D5 /* SensorTableViewCell.swift */,
				D8B0A6401E9538F9004E774D /* NewSensorViewController.swift */,
				D8F2F8891EB03E6B006044DE /* Sensor.swift */,
				D8B0A6411E9538F9004E774D /* ViewController.swift */,
				D86B57CB1E801A8E00783997 /* AppDelegate.swift */,
				D86B57D21E801A8E00783997 /* Assets.xcassets */,
				D86B57D41E801A8E00783997 /* LaunchScreen.storyboard */,
				D86B57D71E801A8E00783997 /* Info.plist */,
				D8B0A63E1E953677004E774D /* SensorTableViewController.swift */,
				D8E75E471EB7BC3500636E03 /* Susanna.otf */,
				D84E31791EB8E165001F56F0 /* RawengulkBold.otf */,
				D8E75E451EB7BC2200636E03 /* Jepanten.ttf */,
				D84E31751EB8E079001F56F0 /* RawengulkLight.otf */,
				D84E31771EB8E084001F56F0 /* RawengulkRegular.otf */,
				D82875FA1EB7F96200DF0306 /* IconTableViewCell.swift */,
			);
			path = "3-20-client";
			sourceTree = "<group>";
		};
		D86B57DF1E801A8E00783997 /* 3-20-clientTests */ = {
			isa = PBXGroup;
			children = (
				D86B57E01E801A8E00783997 /* __20_clientTests.swift */,
				D86B57E21E801A8E00783997 /* Info.plist */,
			);
			path = "3-20-clientTests";
			sourceTree = "<group>";
		};
		D86B57EA1E801A8E00783997 /* 3-20-clientUITests */ = {
			isa = PBXGroup;
			children = (
				D86B57EB1E801A8E00783997 /* __20_clientUITests.swift */,
				D86B57ED1E801A8E00783997 /* Info.plist */,
			);
			path = "3-20-clientUITests";
			sourceTree = "<group>";
		};
/* End PBXGroup section */

/* Begin PBXNativeTarget section */
		D86B57C71E801A8E00783997 /* 3-20-client */ = {
			isa = PBXNativeTarget;
			buildConfigurationList = D86B57F01E801A8F00783997 /* Build configuration list for PBXNativeTarget "3-20-client" */;
			buildPhases = (
				960F8791659914C29DC75F69 /* [CP] Check Pods Manifest.lock */,
				D86B57C41E801A8E00783997 /* Sources */,
				D86B57C51E801A8E00783997 /* Frameworks */,
				D86B57C61E801A8E00783997 /* Resources */,
				089FB68AD5134F10B610D0A8 /* [CP] Embed Pods Frameworks */,
				1114A134CDA99F1C4EF7EFEE /* [CP] Copy Pods Resources */,
			);
			buildRules = (
			);
			dependencies = (
			);
			name = "3-20-client";
			productName = "3-20-client";
			productReference = D86B57C81E801A8E00783997 /* 3-20-client.app */;
			productType = "com.apple.product-type.application";
		};
		D86B57DB1E801A8E00783997 /* 3-20-clientTests */ = {
			isa = PBXNativeTarget;
			buildConfigurationList = D86B57F31E801A8F00783997 /* Build configuration list for PBXNativeTarget "3-20-clientTests" */;
			buildPhases = (
				9EEC3859406EF7B1E116BC0F /* [CP] Check Pods Manifest.lock */,
				D86B57D81E801A8E00783997 /* Sources */,
				D86B57D91E801A8E00783997 /* Frameworks */,
				D86B57DA1E801A8E00783997 /* Resources */,
				832CFA3DD9FB38D42FDE6332 /* [CP] Embed Pods Frameworks */,
				83513D1F2A8A6CF475FDC850 /* [CP] Copy Pods Resources */,
			);
			buildRules = (
			);
			dependencies = (
				D86B57DE1E801A8E00783997 /* PBXTargetDependency */,
			);
			name = "3-20-clientTests";
			productName = "3-20-clientTests";
			productReference = D86B57DC1E801A8E00783997 /* 3-20-clientTests.xctest */;
			productType = "com.apple.product-type.bundle.unit-test";
		};
		D86B57E61E801A8E00783997 /* 3-20-clientUITests */ = {
			isa = PBXNativeTarget;
			buildConfigurationList = D86B57F61E801A8F00783997 /* Build configuration list for PBXNativeTarget "3-20-clientUITests" */;
			buildPhases = (
				638C6BB56A3362DDA6ED792D /* [CP] Check Pods Manifest.lock */,
				D86B57E31E801A8E00783997 /* Sources */,
				D86B57E41E801A8E00783997 /* Frameworks */,
				D86B57E51E801A8E00783997 /* Resources */,
				C4819FEEEF2978028C7EA075 /* [CP] Embed Pods Frameworks */,
				DC14F6E22F7F614FEF9ED98D /* [CP] Copy Pods Resources */,
			);
			buildRules = (
			);
			dependencies = (
				D86B57E91E801A8E00783997 /* PBXTargetDependency */,
			);
			name = "3-20-clientUITests";
			productName = "3-20-clientUITests";
			productReference = D86B57E71E801A8E00783997 /* 3-20-clientUITests.xctest */;
			productType = "com.apple.product-type.bundle.ui-testing";
		};
/* End PBXNativeTarget section */

/* Begin PBXProject section */
		D86B57C01E801A8E00783997 /* Project object */ = {
			isa = PBXProject;
			attributes = {
				LastSwiftUpdateCheck = 0730;
				LastUpgradeCheck = 0820;
				ORGANIZATIONNAME = "Mary Kate Nawalaniec";
				TargetAttributes = {
					D86B57C71E801A8E00783997 = {
						CreatedOnToolsVersion = 7.3.1;
						DevelopmentTeam = ACKG337EZF;
						LastSwiftMigration = 0820;
						SystemCapabilities = {
							com.apple.BackgroundModes = {
								enabled = 0;
							};
							com.apple.Push = {
								enabled = 0;
							};
						};
					};
					D86B57DB1E801A8E00783997 = {
						CreatedOnToolsVersion = 7.3.1;
						LastSwiftMigration = 0820;
						TestTargetID = D86B57C71E801A8E00783997;
					};
					D86B57E61E801A8E00783997 = {
						CreatedOnToolsVersion = 7.3.1;
						LastSwiftMigration = 0820;
						TestTargetID = D86B57C71E801A8E00783997;
					};
				};
			};
			buildConfigurationList = D86B57C31E801A8E00783997 /* Build configuration list for PBXProject "3-20-client" */;
			compatibilityVersion = "Xcode 3.2";
			developmentRegion = English;
			hasScannedForEncodings = 0;
			knownRegions = (
				en,
				Base,
			);
			mainGroup = D86B57BF1E801A8E00783997;
			productRefGroup = D86B57C91E801A8E00783997 /* Products */;
			projectDirPath = "";
			projectRoot = "";
			targets = (
				D86B57C71E801A8E00783997 /* 3-20-client */,
				D86B57DB1E801A8E00783997 /* 3-20-clientTests */,
				D86B57E61E801A8E00783997 /* 3-20-clientUITests */,
			);
		};
/* End PBXProject section */

/* Begin PBXResourcesBuildPhase section */
		D86B57C61E801A8E00783997 /* Resources */ = {
			isa = PBXResourcesBuildPhase;
			buildActionMask = 2147483647;
			files = (
				D8E75E481EB7BC3500636E03 /* Susanna.otf in Resources */,
				D84E317A1EB8E165001F56F0 /* RawengulkBold.otf in Resources */,
				D84E31761EB8E079001F56F0 /* RawengulkLight.otf in Resources */,
				D86B57D61E801A8E00783997 /* LaunchScreen.storyboard in Resources */,
				D8E75E461EB7BC2200636E03 /* Jepanten.ttf in Resources */,
				D86B57D31E801A8E00783997 /* Assets.xcassets in Resources */,
				D8B0A6461E95394D004E774D /* Main.storyboard in Resources */,
				D84E31781EB8E084001F56F0 /* RawengulkRegular.otf in Resources */,
			);
			runOnlyForDeploymentPostprocessing = 0;
		};
		D86B57DA1E801A8E00783997 /* Resources */ = {
			isa = PBXResourcesBuildPhase;
			buildActionMask = 2147483647;
			files = (
			);
			runOnlyForDeploymentPostprocessing = 0;
		};
		D86B57E51E801A8E00783997 /* Resources */ = {
			isa = PBXResourcesBuildPhase;
			buildActionMask = 2147483647;
			files = (
			);
			runOnlyForDeploymentPostprocessing = 0;
		};
/* End PBXResourcesBuildPhase section */

/* Begin PBXShellScriptBuildPhase section */
		089FB68AD5134F10B610D0A8 /* [CP] Embed Pods Frameworks */ = {
			isa = PBXShellScriptBuildPhase;
			buildActionMask = 2147483647;
			files = (
			);
			inputPaths = (
			);
			name = "[CP] Embed Pods Frameworks";
			outputPaths = (
			);
			runOnlyForDeploymentPostprocessing = 0;
			shellPath = /bin/sh;
			shellScript = "\"${SRCROOT}/Pods/Target Support Files/Pods-3-20-client/Pods-3-20-client-frameworks.sh\"\n";
			showEnvVarsInLog = 0;
		};
		1114A134CDA99F1C4EF7EFEE /* [CP] Copy Pods Resources */ = {
			isa = PBXShellScriptBuildPhase;
			buildActionMask = 2147483647;
			files = (
			);
			inputPaths = (
			);
			name = "[CP] Copy Pods Resources";
			outputPaths = (
			);
			runOnlyForDeploymentPostprocessing = 0;
			shellPath = /bin/sh;
			shellScript = "\"${SRCROOT}/Pods/Target Support Files/Pods-3-20-client/Pods-3-20-client-resources.sh\"\n";
			showEnvVarsInLog = 0;
		};
		638C6BB56A3362DDA6ED792D /* [CP] Check Pods Manifest.lock */ = {
			isa = PBXShellScriptBuildPhase;
			buildActionMask = 2147483647;
			files = (
			);
			inputPaths = (
			);
			name = "[CP] Check Pods Manifest.lock";
			outputPaths = (
			);
			runOnlyForDeploymentPostprocessing = 0;
			shellPath = /bin/sh;
			shellScript = "diff \"${PODS_ROOT}/../Podfile.lock\" \"${PODS_ROOT}/Manifest.lock\" > /dev/null\nif [ $? != 0 ] ; then\n    # print error to STDERR\n    echo \"error: The sandbox is not in sync with the Podfile.lock. Run 'pod install' or update your CocoaPods installation.\" >&2\n    exit 1\nfi\n";
			showEnvVarsInLog = 0;
		};
		832CFA3DD9FB38D42FDE6332 /* [CP] Embed Pods Frameworks */ = {
			isa = PBXShellScriptBuildPhase;
			buildActionMask = 2147483647;
			files = (
			);
			inputPaths = (
			);
			name = "[CP] Embed Pods Frameworks";
			outputPaths = (
			);
			runOnlyForDeploymentPostprocessing = 0;
			shellPath = /bin/sh;
			shellScript = "\"${SRCROOT}/Pods/Target Support Files/Pods-3-20-clientTests/Pods-3-20-clientTests-frameworks.sh\"\n";
			showEnvVarsInLog = 0;
		};
		83513D1F2A8A6CF475FDC850 /* [CP] Copy Pods Resources */ = {
			isa = PBXShellScriptBuildPhase;
			buildActionMask = 2147483647;
			files = (
			);
			inputPaths = (
			);
			name = "[CP] Copy Pods Resources";
			outputPaths = (
			);
			runOnlyForDeploymentPostprocessing = 0;
			shellPath = /bin/sh;
			shellScript = "\"${SRCROOT}/Pods/Target Support Files/Pods-3-20-clientTests/Pods-3-20-clientTests-resources.sh\"\n";
			showEnvVarsInLog = 0;
		};
		960F8791659914C29DC75F69 /* [CP] Check Pods Manifest.lock */ = {
			isa = PBXShellScriptBuildPhase;
			buildActionMask = 2147483647;
			files = (
			);
			inputPaths = (
			);
			name = "[CP] Check Pods Manifest.lock";
			outputPaths = (
			);
			runOnlyForDeploymentPostprocessing = 0;
			shellPath = /bin/sh;
			shellScript = "diff \"${PODS_ROOT}/../Podfile.lock\" \"${PODS_ROOT}/Manifest.lock\" > /dev/null\nif [ $? != 0 ] ; then\n    # print error to STDERR\n    echo \"error: The sandbox is not in sync with the Podfile.lock. Run 'pod install' or update your CocoaPods installation.\" >&2\n    exit 1\nfi\n";
			showEnvVarsInLog = 0;
		};
		9EEC3859406EF7B1E116BC0F /* [CP] Check Pods Manifest.lock */ = {
			isa = PBXShellScriptBuildPhase;
			buildActionMask = 2147483647;
			files = (
			);
			inputPaths = (
			);
			name = "[CP] Check Pods Manifest.lock";
			outputPaths = (
			);
			runOnlyForDeploymentPostprocessing = 0;
			shellPath = /bin/sh;
			shellScript = "diff \"${PODS_ROOT}/../Podfile.lock\" \"${PODS_ROOT}/Manifest.lock\" > /dev/null\nif [ $? != 0 ] ; then\n    # print error to STDERR\n    echo \"error: The sandbox is not in sync with the Podfile.lock. Run 'pod install' or update your CocoaPods installation.\" >&2\n    exit 1\nfi\n";
			showEnvVarsInLog = 0;
		};
		C4819FEEEF2978028C7EA075 /* [CP] Embed Pods Frameworks */ = {
			isa = PBXShellScriptBuildPhase;
			buildActionMask = 2147483647;
			files = (
			);
			inputPaths = (
			);
			name = "[CP] Embed Pods Frameworks";
			outputPaths = (
			);
			runOnlyForDeploymentPostprocessing = 0;
			shellPath = /bin/sh;
			shellScript = "\"${SRCROOT}/Pods/Target Support Files/Pods-3-20-clientUITests/Pods-3-20-clientUITests-frameworks.sh\"\n";
			showEnvVarsInLog = 0;
		};
		DC14F6E22F7F614FEF9ED98D /* [CP] Copy Pods Resources */ = {
			isa = PBXShellScriptBuildPhase;
			buildActionMask = 2147483647;
			files = (
			);
			inputPaths = (
			);
			name = "[CP] Copy Pods Resources";
			outputPaths = (
			);
			runOnlyForDeploymentPostprocessing = 0;
			shellPath = /bin/sh;
			shellScript = "\"${SRCROOT}/Pods/Target Support Files/Pods-3-20-clientUITests/Pods-3-20-clientUITests-resources.sh\"\n";
			showEnvVarsInLog = 0;
		};
/* End PBXShellScriptBuildPhase section */

/* Begin PBXSourcesBuildPhase section */
		D86B57C41E801A8E00783997 /* Sources */ = {
			isa = PBXSourcesBuildPhase;
			buildActionMask = 2147483647;
			files = (
				D86B57CC1E801A8E00783997 /* AppDelegate.swift in Sources */,
				D82875FB1EB7F96200DF0306 /* IconTableViewCell.swift in Sources */,
				D891277C1EB3BC15004F80D5 /* SensorTableViewCell.swift in Sources */,
				D8F2F88A1EB03E6B006044DE /* Sensor.swift in Sources */,
				D8B0A63F1E953677004E774D /* SensorTableViewController.swift in Sources */,
				D8B0A6431E9538F9004E774D /* ViewController.swift in Sources */,
				D8B0A6421E9538F9004E774D /* NewSensorViewController.swift in Sources */,
			);
			runOnlyForDeploymentPostprocessing = 0;
		};
		D86B57D81E801A8E00783997 /* Sources */ = {
			isa = PBXSourcesBuildPhase;
			buildActionMask = 2147483647;
			files = (
				D86B57E11E801A8E00783997 /* __20_clientTests.swift in Sources */,
			);
			runOnlyForDeploymentPostprocessing = 0;
		};
		D86B57E31E801A8E00783997 /* Sources */ = {
			isa = PBXSourcesBuildPhase;
			buildActionMask = 2147483647;
			files = (
				D86B57EC1E801A8E00783997 /* __20_clientUITests.swift in Sources */,
			);
			runOnlyForDeploymentPostprocessing = 0;
		};
/* End PBXSourcesBuildPhase section */

/* Begin PBXTargetDependency section */
		D86B57DE1E801A8E00783997 /* PBXTargetDependency */ = {
			isa = PBXTargetDependency;
			target = D86B57C71E801A8E00783997 /* 3-20-client */;
			targetProxy = D86B57DD1E801A8E00783997 /* PBXContainerItemProxy */;
		};
		D86B57E91E801A8E00783997 /* PBXTargetDependency */ = {
			isa = PBXTargetDependency;
			target = D86B57C71E801A8E00783997 /* 3-20-client */;
			targetProxy = D86B57E81E801A8E00783997 /* PBXContainerItemProxy */;
		};
/* End PBXTargetDependency section */

/* Begin PBXVariantGroup section */
		D86B57D41E801A8E00783997 /* LaunchScreen.storyboard */ = {
			isa = PBXVariantGroup;
			children = (
				D86B57D51E801A8E00783997 /* Base */,
			);
			name = LaunchScreen.storyboard;
			sourceTree = "<group>";
		};
		D8B0A6441E95394D004E774D /* Main.storyboard */ = {
			isa = PBXVariantGroup;
			children = (
				D8B0A6451E95394D004E774D /* Base */,
			);
			name = Main.storyboard;
			sourceTree = "<group>";
		};
/* End PBXVariantGroup section */

/* Begin XCBuildConfiguration section */
		D86B57EE1E801A8F00783997 /* Debug */ = {
			isa = XCBuildConfiguration;
			buildSettings = {
				ALWAYS_SEARCH_USER_PATHS = NO;
				CLANG_ANALYZER_NONNULL = YES;
				CLANG_CXX_LANGUAGE_STANDARD = "gnu++0x";
				CLANG_CXX_LIBRARY = "libc++";
				CLANG_ENABLE_MODULES = YES;
				CLANG_ENABLE_OBJC_ARC = YES;
				CLANG_WARN_BOOL_CONVERSION = YES;
				CLANG_WARN_CONSTANT_CONVERSION = YES;
				CLANG_WARN_DIRECT_OBJC_ISA_USAGE = YES_ERROR;
				CLANG_WARN_EMPTY_BODY = YES;
				CLANG_WARN_ENUM_CONVERSION = YES;
				CLANG_WARN_INFINITE_RECURSION = YES;
				CLANG_WARN_INT_CONVERSION = YES;
				CLANG_WARN_OBJC_ROOT_CLASS = YES_ERROR;
				CLANG_WARN_SUSPICIOUS_MOVE = YES;
				CLANG_WARN_UNREACHABLE_CODE = YES;
				CLANG_WARN__DUPLICATE_METHOD_MATCH = YES;
				"CODE_SIGN_IDENTITY[sdk=iphoneos*]" = "iPhone Developer";
				COPY_PHASE_STRIP = NO;
				DEBUG_INFORMATION_FORMAT = dwarf;
				ENABLE_STRICT_OBJC_MSGSEND = YES;
				ENABLE_TESTABILITY = YES;
				GCC_C_LANGUAGE_STANDARD = gnu99;
				GCC_DYNAMIC_NO_PIC = NO;
				GCC_NO_COMMON_BLOCKS = YES;
				GCC_OPTIMIZATION_LEVEL = 0;
				GCC_PREPROCESSOR_DEFINITIONS = (
					"DEBUG=1",
					"$(inherited)",
				);
				GCC_WARN_64_TO_32_BIT_CONVERSION = YES;
				GCC_WARN_ABOUT_RETURN_TYPE = YES_ERROR;
				GCC_WARN_UNDECLARED_SELECTOR = YES;
				GCC_WARN_UNINITIALIZED_AUTOS = YES_AGGRESSIVE;
				GCC_WARN_UNUSED_FUNCTION = YES;
				GCC_WARN_UNUSED_VARIABLE = YES;
				IPHONEOS_DEPLOYMENT_TARGET = 10.2;
				MTL_ENABLE_DEBUG_INFO = YES;
				ONLY_ACTIVE_ARCH = YES;
				SDKROOT = iphoneos;
				SWIFT_OPTIMIZATION_LEVEL = "-Onone";
				TARGETED_DEVICE_FAMILY = "1,2";
			};
			name = Debug;
		};
		D86B57EF1E801A8F00783997 /* Release */ = {
			isa = XCBuildConfiguration;
			buildSettings = {
				ALWAYS_SEARCH_USER_PATHS = NO;
				CLANG_ANALYZER_NONNULL = YES;
				CLANG_CXX_LANGUAGE_STANDARD = "gnu++0x";
				CLANG_CXX_LIBRARY = "libc++";
				CLANG_ENABLE_MODULES = YES;
				CLANG_ENABLE_OBJC_ARC = YES;
				CLANG_WARN_BOOL_CONVERSION = YES;
				CLANG_WARN_CONSTANT_CONVERSION = YES;
				CLANG_WARN_DIRECT_OBJC_ISA_USAGE = YES_ERROR;
				CLANG_WARN_EMPTY_BODY = YES;
				CLANG_WARN_ENUM_CONVERSION = YES;
				CLANG_WARN_INFINITE_RECURSION = YES;
				CLANG_WARN_INT_CONVERSION = YES;
				CLANG_WARN_OBJC_ROOT_CLASS = YES_ERROR;
				CLANG_WARN_SUSPICIOUS_MOVE = YES;
				CLANG_WARN_UNREACHABLE_CODE = YES;
				CLANG_WARN__DUPLICATE_METHOD_MATCH = YES;
				"CODE_SIGN_IDENTITY[sdk=iphoneos*]" = "iPhone Developer";
				COPY_PHASE_STRIP = NO;
				DEBUG_INFORMATION_FORMAT = "dwarf-with-dsym";
				ENABLE_NS_ASSERTIONS = NO;
				ENABLE_STRICT_OBJC_MSGSEND = YES;
				GCC_C_LANGUAGE_STANDARD = gnu99;
				GCC_NO_COMMON_BLOCKS = YES;
				GCC_WARN_64_TO_32_BIT_CONVERSION = YES;
				GCC_WARN_ABOUT_RETURN_TYPE = YES_ERROR;
				GCC_WARN_UNDECLARED_SELECTOR = YES;
				GCC_WARN_UNINITIALIZED_AUTOS = YES_AGGRESSIVE;
				GCC_WARN_UNUSED_FUNCTION = YES;
				GCC_WARN_UNUSED_VARIABLE = YES;
				IPHONEOS_DEPLOYMENT_TARGET = 10.2;
				MTL_ENABLE_DEBUG_INFO = NO;
				SDKROOT = iphoneos;
				SWIFT_OPTIMIZATION_LEVEL = "-Owholemodule";
				TARGETED_DEVICE_FAMILY = "1,2";
				VALIDATE_PRODUCT = YES;
			};
			name = Release;
		};
		D86B57F11E801A8F00783997 /* Debug */ = {
			isa = XCBuildConfiguration;
			baseConfigurationReference = 372937D7D4E20DCB4E54960E /* Pods-3-20-client.debug.xcconfig */;
			buildSettings = {
				ALWAYS_EMBED_SWIFT_STANDARD_LIBRARIES = YES;
				ASSETCATALOG_COMPILER_APPICON_NAME = AppIcon;
				CLANG_ENABLE_MODULES = YES;
				CODE_SIGN_ENTITLEMENTS = "";
				DEVELOPMENT_TEAM = ACKG337EZF;
				INFOPLIST_FILE = "3-20-client/Info.plist";
				LD_RUNPATH_SEARCH_PATHS = "$(inherited) @executable_path/Frameworks";
				PRODUCT_BUNDLE_IDENTIFIER = "WASTE.--20-client";
				PRODUCT_NAME = "$(TARGET_NAME)";
				SWIFT_OPTIMIZATION_LEVEL = "-Onone";
				SWIFT_VERSION = 3.0;
			};
			name = Debug;
		};
		D86B57F21E801A8F00783997 /* Release */ = {
			isa = XCBuildConfiguration;
			baseConfigurationReference = 44053E085D38452E95B08B5C /* Pods-3-20-client.release.xcconfig */;
			buildSettings = {
				ALWAYS_EMBED_SWIFT_STANDARD_LIBRARIES = YES;
				ASSETCATALOG_COMPILER_APPICON_NAME = AppIcon;
				CLANG_ENABLE_MODULES = YES;
				CODE_SIGN_ENTITLEMENTS = "";
				DEVELOPMENT_TEAM = ACKG337EZF;
				INFOPLIST_FILE = "3-20-client/Info.plist";
				LD_RUNPATH_SEARCH_PATHS = "$(inherited) @executable_path/Frameworks";
				PRODUCT_BUNDLE_IDENTIFIER = "WASTE.--20-client";
				PRODUCT_NAME = "$(TARGET_NAME)";
				SWIFT_VERSION = 3.0;
			};
			name = Release;
		};
		D86B57F41E801A8F00783997 /* Debug */ = {
			isa = XCBuildConfiguration;
			baseConfigurationReference = D1B5BA63F5C57645D4FF9B9D /* Pods-3-20-clientTests.debug.xcconfig */;
			buildSettings = {
				BUNDLE_LOADER = "$(TEST_HOST)";
				INFOPLIST_FILE = "3-20-clientTests/Info.plist";
				LD_RUNPATH_SEARCH_PATHS = "$(inherited) @executable_path/Frameworks @loader_path/Frameworks";
				PRODUCT_BUNDLE_IDENTIFIER = "WASTE.--20-clientTests";
				PRODUCT_NAME = "$(TARGET_NAME)";
				SWIFT_VERSION = 3.0;
				TEST_HOST = "$(BUILT_PRODUCTS_DIR)/3-20-client.app/3-20-client";
			};
			name = Debug;
		};
		D86B57F51E801A8F00783997 /* Release */ = {
			isa = XCBuildConfiguration;
			baseConfigurationReference = A43DBEA7FDBE205FE3B1274F /* Pods-3-20-clientTests.release.xcconfig */;
			buildSettings = {
				BUNDLE_LOADER = "$(TEST_HOST)";
				INFOPLIST_FILE = "3-20-clientTests/Info.plist";
				LD_RUNPATH_SEARCH_PATHS = "$(inherited) @executable_path/Frameworks @loader_path/Frameworks";
				PRODUCT_BUNDLE_IDENTIFIER = "WASTE.--20-clientTests";
				PRODUCT_NAME = "$(TARGET_NAME)";
				SWIFT_VERSION = 3.0;
				TEST_HOST = "$(BUILT_PRODUCTS_DIR)/3-20-client.app/3-20-client";
			};
			name = Release;
		};
		D86B57F71E801A8F00783997 /* Debug */ = {
			isa = XCBuildConfiguration;
			baseConfigurationReference = 226BF4DB877B2AD57519F01A /* Pods-3-20-clientUITests.debug.xcconfig */;
			buildSettings = {
				INFOPLIST_FILE = "3-20-clientUITests/Info.plist";
				LD_RUNPATH_SEARCH_PATHS = "$(inherited) @executable_path/Frameworks @loader_path/Frameworks";
				PRODUCT_BUNDLE_IDENTIFIER = "WASTE.--20-clientUITests";
				PRODUCT_NAME = "$(TARGET_NAME)";
				SWIFT_VERSION = 3.0;
				TEST_TARGET_NAME = "3-20-client";
			};
			name = Debug;
		};
		D86B57F81E801A8F00783997 /* Release */ = {
			isa = XCBuildConfiguration;
			baseConfigurationReference = 8B5C5E159181EF47D1C69911 /* Pods-3-20-clientUITests.release.xcconfig */;
			buildSettings = {
				INFOPLIST_FILE = "3-20-clientUITests/Info.plist";
				LD_RUNPATH_SEARCH_PATHS = "$(inherited) @executable_path/Frameworks @loader_path/Frameworks";
				PRODUCT_BUNDLE_IDENTIFIER = "WASTE.--20-clientUITests";
				PRODUCT_NAME = "$(TARGET_NAME)";
				SWIFT_VERSION = 3.0;
				TEST_TARGET_NAME = "3-20-client";
			};
			name = Release;
		};
/* End XCBuildConfiguration section */

/* Begin XCConfigurationList section */
		D86B57C31E801A8E00783997 /* Build configuration list for PBXProject "3-20-client" */ = {
			isa = XCConfigurationList;
			buildConfigurations = (
				D86B57EE1E801A8F00783997 /* Debug */,
				D86B57EF1E801A8F00783997 /* Release */,
			);
			defaultConfigurationIsVisible = 0;
			defaultConfigurationName = Release;
		};
		D86B57F01E801A8F00783997 /* Build configuration list for PBXNativeTarget "3-20-client" */ = {
			isa = XCConfigurationList;
			buildConfigurations = (
				D86B57F11E801A8F00783997 /* Debug */,
				D86B57F21E801A8F00783997 /* Release */,
			);
			defaultConfigurationIsVisible = 0;
			defaultConfigurationName = Release;
		};
		D86B57F31E801A8F00783997 /* Build configuration list for PBXNativeTarget "3-20-clientTests" */ = {
			isa = XCConfigurationList;
			buildConfigurations = (
				D86B57F41E801A8F00783997 /* Debug */,
				D86B57F51E801A8F00783997 /* Release */,
			);
			defaultConfigurationIsVisible = 0;
			defaultConfigurationName = Release;
		};
		D86B57F61E801A8F00783997 /* Build configuration list for PBXNativeTarget "3-20-clientUITests" */ = {
			isa = XCConfigurationList;
			buildConfigurations = (
				D86B57F71E801A8F00783997 /* Debug */,
				D86B57F81E801A8F00783997 /* Release */,
			);
			defaultConfigurationIsVisible = 0;
			defaultConfigurationName = Release;
		};
/* End XCConfigurationList section */
	};
	rootObject = D86B57C01E801A8E00783997 /* Project object */;
}
